
Microsoft Visual Studio Solution File, Format Version 12.00
# Visual Studio Version 16
VisualStudioVersion = 16.0.31129.286
MinimumVisualStudioVersion = 10.0.40219.1
Project("{FAE04EC0-301F-11D3-BF4B-00C04F79EFBC}") = "HON Mod Manager", "HON Mod Manager\HON Mod Manager.CSPROJ", "{8CC79BCD-93A6-47F8-954C-8CC215F8881E}"
EndProject
Global
	GlobalSection(SolutionConfigurationPlatforms) = preSolution
		Debug|Any CPU = Debug|Any CPU
		Release|Any CPU = Release|Any CPU
	EndGlobalSection
	GlobalSection(ProjectConfigurationPlatforms) = postSolution
		{8CC79BCD-93A6-47F8-954C-8CC215F8881E}.Debug|Any CPU.ActiveCfg = Debug|Any CPU
		{8CC79BCD-93A6-47F8-954C-8CC215F8881E}.Debug|Any CPU.Build.0 = Debug|Any CPU
		{8CC79BCD-93A6-47F8-954C-8CC215F8881E}.Release|Any CPU.ActiveCfg = Release|Any CPU
		{8CC79BCD-93A6-47F8-954C-8CC215F8881E}.Release|Any CPU.Build.0 = Release|Any CPU
	EndGlobalSection
	GlobalSection(SolutionProperties) = preSolution
		HideSolutionNode = FALSE
	EndGlobalSection
	GlobalSection(ExtensibilityGlobals) = postSolution
		SolutionGuid = {3EC0C034-F439-46CB-B9D0-E141B2CE9292}
	EndGlobalSection
EndGlobal
